
Microsoft Visual Studio Solution File, Format Version 12.00
# Visual Studio Version 16
VisualStudioVersion = 16.0.31321.278
MinimumVisualStudioVersion = 10.0.40219.1
Project("{FAE04EC0-301F-11D3-BF4B-00C04F79EFBC}") = "publishgit", "publishgit\publishgit.csproj", "{ACB6DF08-BD31-4EC3-9D5F-620782C2D1A2}"
EndProject
Global
	GlobalSection(SolutionConfigurationPlatforms) = preSolution
		Debug|Any CPU = Debug|Any CPU
		Release|Any CPU = Release|Any CPU
	EndGlobalSection
	GlobalSection(ProjectConfigurationPlatforms) = postSolution
		{ACB6DF08-BD31-4EC3-9D5F-620782C2D1A2}.Debug|Any CPU.ActiveCfg = Debug|Any CPU
		{ACB6DF08-BD31-4EC3-9D5F-620782C2D1A2}.Debug|Any CPU.Build.0 = Debug|Any CPU
		{ACB6DF08-BD31-4EC3-9D5F-620782C2D1A2}.Release|Any CPU.ActiveCfg = Release|Any CPU
		{ACB6DF08-BD31-4EC3-9D5F-620782C2D1A2}.Release|Any CPU.Build.0 = Release|Any CPU
	EndGlobalSection
	GlobalSection(SolutionProperties) = preSolution
		HideSolutionNode = FALSE
	EndGlobalSection
	GlobalSection(ExtensibilityGlobals) = postSolution
		SolutionGuid = {6072D985-3272-4362-80AE-870DAA687E7B}
	EndGlobalSection
EndGlobal
